// !$*UTF8*$!
{
	archiveVersion = 1;
	classes = {
	};
	objectVersion = 48;
	objects = {

/* Begin PBXBuildFile section */
		63EA991321A3F4AF00B2CC9D /* TeamInfoHeaderView.xib in Resources */ = {isa = PBXBuildFile; fileRef = 63EA991221A3F4AF00B2CC9D /* TeamInfoHeaderView.xib */; };
		63EA991521A3F55600B2CC9D /* TeamInfoHeaderView.swift in Sources */ = {isa = PBXBuildFile; fileRef = 63EA991421A3F55600B2CC9D /* TeamInfoHeaderView.swift */; };
		63EA991921A3F8BB00B2CC9D /* PlayerCell.xib in Resources */ = {isa = PBXBuildFile; fileRef = 63EA991821A3F8BB00B2CC9D /* PlayerCell.xib */; };
		95B2B3E51EB958689CD0895F /* Pods_Football_League.framework in Frameworks */ = {isa = PBXBuildFile; fileRef = E043CA13ECB3D00FA80FF773 /* Pods_Football_League.framework */; };
		A987959FA319DD85EA21B835 /* Pods_Football_LeagueTests.framework in Frameworks */ = {isa = PBXBuildFile; fileRef = C643FA2B798BD7239A769A02 /* Pods_Football_LeagueTests.framework */; };
		B667814021A1B33F003FA7DF /* LeaguesPresenter.swift in Sources */ = {isa = PBXBuildFile; fileRef = B667813F21A1B33F003FA7DF /* LeaguesPresenter.swift */; };
		B667814221A1B8BD003FA7DF /* LeagueCell.swift in Sources */ = {isa = PBXBuildFile; fileRef = B667814121A1B8BD003FA7DF /* LeagueCell.swift */; };
		B667814421A1C169003FA7DF /* UIKItExtension.swift in Sources */ = {isa = PBXBuildFile; fileRef = B667814321A1C169003FA7DF /* UIKItExtension.swift */; };
		B667814621A1C92C003FA7DF /* DataBaseManager(.swift in Sources */ = {isa = PBXBuildFile; fileRef = B667814521A1C92C003FA7DF /* DataBaseManager(.swift */; };
		B69E6E6621A2C144002E9A37 /* TeamCell.swift in Sources */ = {isa = PBXBuildFile; fileRef = B69E6E6521A2C144002E9A37 /* TeamCell.swift */; };
		B69E6E6C21A2E134002E9A37 /* Team.swift in Sources */ = {isa = PBXBuildFile; fileRef = B69E6E6B21A2E134002E9A37 /* Team.swift */; };
		B69E6E7021A2E5CC002E9A37 /* TeamsPresenter.swift in Sources */ = {isa = PBXBuildFile; fileRef = B69E6E6F21A2E5CC002E9A37 /* TeamsPresenter.swift */; };
		B69E6E7221A2EA66002E9A37 /* UIViewControllerSegueExtension.swift in Sources */ = {isa = PBXBuildFile; fileRef = B69E6E7121A2EA66002E9A37 /* UIViewControllerSegueExtension.swift */; };
		B69E6E7521A306A4002E9A37 /* TeamInfoPresnter.swift in Sources */ = {isa = PBXBuildFile; fileRef = B69E6E7421A306A4002E9A37 /* TeamInfoPresnter.swift */; };
		B69E6E7721A30B3C002E9A37 /* Players.swift in Sources */ = {isa = PBXBuildFile; fileRef = B69E6E7621A30B3C002E9A37 /* Players.swift */; };
		B69E6E7921A30E7A002E9A37 /* PlayerCell.swift in Sources */ = {isa = PBXBuildFile; fileRef = B69E6E7821A30E7A002E9A37 /* PlayerCell.swift */; };
		B6E29AFC21A157320004D95B /* AppDelegate.swift in Sources */ = {isa = PBXBuildFile; fileRef = B6E29AFB21A157320004D95B /* AppDelegate.swift */; };
		B6E29AFE21A157320004D95B /* LeuguesViewController.swift in Sources */ = {isa = PBXBuildFile; fileRef = B6E29AFD21A157320004D95B /* LeuguesViewController.swift */; };
		B6E29B0121A157320004D95B /* Main.storyboard in Resources */ = {isa = PBXBuildFile; fileRef = B6E29AFF21A157320004D95B /* Main.storyboard */; };
		B6E29B0321A157320004D95B /* Assets.xcassets in Resources */ = {isa = PBXBuildFile; fileRef = B6E29B0221A157320004D95B /* Assets.xcassets */; };
		B6E29B0621A157320004D95B /* LaunchScreen.storyboard in Resources */ = {isa = PBXBuildFile; fileRef = B6E29B0421A157320004D95B /* LaunchScreen.storyboard */; };
		B6E29B1121A157320004D95B /* Football_LeagueTests.swift in Sources */ = {isa = PBXBuildFile; fileRef = B6E29B1021A157320004D95B /* Football_LeagueTests.swift */; };
		B6E29B1F21A1596C0004D95B /* NetworkManager.swift in Sources */ = {isa = PBXBuildFile; fileRef = B6E29B1E21A1596C0004D95B /* NetworkManager.swift */; };
		B6E29B2121A159950004D95B /* Constants.swift in Sources */ = {isa = PBXBuildFile; fileRef = B6E29B2021A159950004D95B /* Constants.swift */; };
		B6E29B2621A15AD50004D95B /* TeamsViewController.swift in Sources */ = {isa = PBXBuildFile; fileRef = B6E29B2521A15AD50004D95B /* TeamsViewController.swift */; };
		B6E29B2921A15B270004D95B /* TeamInfoViewController.swift in Sources */ = {isa = PBXBuildFile; fileRef = B6E29B2821A15B270004D95B /* TeamInfoViewController.swift */; };
		B6E29B2E21A16CC50004D95B /* Leugue.swift in Sources */ = {isa = PBXBuildFile; fileRef = B6E29B2D21A16CC50004D95B /* Leugue.swift */; };
		B6E29B3021A1741B0004D95B /* AppUrls.swift in Sources */ = {isa = PBXBuildFile; fileRef = B6E29B2F21A1741B0004D95B /* AppUrls.swift */; };
/* End PBXBuildFile section */

/* Begin PBXContainerItemProxy section */
		B6E29B0D21A157320004D95B /* PBXContainerItemProxy */ = {
			isa = PBXContainerItemProxy;
			containerPortal = B6E29AF021A157320004D95B /* Project object */;
			proxyType = 1;
			remoteGlobalIDString = B6E29AF721A157320004D95B;
			remoteInfo = "Football League";
		};
/* End PBXContainerItemProxy section */

/* Begin PBXFileReference section */
		022617E3D9D6C1011621CE49 /* Pods-Football League.debug.xcconfig */ = {isa = PBXFileReference; includeInIndex = 1; lastKnownFileType = text.xcconfig; name = "Pods-Football League.debug.xcconfig"; path = "Pods/Target Support Files/Pods-Football League/Pods-Football League.debug.xcconfig"; sourceTree = "<group>"; };
		41E6884C1A8B020E422A496E /* Pods-Football LeagueTests.debug.xcconfig */ = {isa = PBXFileReference; includeInIndex = 1; lastKnownFileType = text.xcconfig; name = "Pods-Football LeagueTests.debug.xcconfig"; path = "Pods/Target Support Files/Pods-Football LeagueTests/Pods-Football LeagueTests.debug.xcconfig"; sourceTree = "<group>"; };
		63EA991221A3F4AF00B2CC9D /* TeamInfoHeaderView.xib */ = {isa = PBXFileReference; lastKnownFileType = file.xib; path = TeamInfoHeaderView.xib; sourceTree = "<group>"; };
		63EA991421A3F55600B2CC9D /* TeamInfoHeaderView.swift */ = {isa = PBXFileReference; lastKnownFileType = sourcecode.swift; path = TeamInfoHeaderView.swift; sourceTree = "<group>"; };
		63EA991821A3F8BB00B2CC9D /* PlayerCell.xib */ = {isa = PBXFileReference; lastKnownFileType = file.xib; path = PlayerCell.xib; sourceTree = "<group>"; };
		82EB89A478FC74522D52DF9F /* Pods-Football League.release.xcconfig */ = {isa = PBXFileReference; includeInIndex = 1; lastKnownFileType = text.xcconfig; name = "Pods-Football League.release.xcconfig"; path = "Pods/Target Support Files/Pods-Football League/Pods-Football League.release.xcconfig"; sourceTree = "<group>"; };
		B667813F21A1B33F003FA7DF /* LeaguesPresenter.swift */ = {isa = PBXFileReference; lastKnownFileType = sourcecode.swift; path = LeaguesPresenter.swift; sourceTree = "<group>"; };
		B667814121A1B8BD003FA7DF /* LeagueCell.swift */ = {isa = PBXFileReference; lastKnownFileType = sourcecode.swift; path = LeagueCell.swift; sourceTree = "<group>"; };
		B667814321A1C169003FA7DF /* UIKItExtension.swift */ = {isa = PBXFileReference; lastKnownFileType = sourcecode.swift; path = UIKItExtension.swift; sourceTree = "<group>"; };
		B667814521A1C92C003FA7DF /* DataBaseManager(.swift */ = {isa = PBXFileReference; lastKnownFileType = sourcecode.swift; path = "DataBaseManager(.swift"; sourceTree = "<group>"; };
		B69E6E6521A2C144002E9A37 /* TeamCell.swift */ = {isa = PBXFileReference; lastKnownFileType = sourcecode.swift; path = TeamCell.swift; sourceTree = "<group>"; };
		B69E6E6B21A2E134002E9A37 /* Team.swift */ = {isa = PBXFileReference; lastKnownFileType = sourcecode.swift; path = Team.swift; sourceTree = "<group>"; };
		B69E6E6F21A2E5CC002E9A37 /* TeamsPresenter.swift */ = {isa = PBXFileReference; lastKnownFileType = sourcecode.swift; path = TeamsPresenter.swift; sourceTree = "<group>"; };
		B69E6E7121A2EA66002E9A37 /* UIViewControllerSegueExtension.swift */ = {isa = PBXFileReference; fileEncoding = 4; lastKnownFileType = sourcecode.swift; path = UIViewControllerSegueExtension.swift; sourceTree = "<group>"; };
		B69E6E7421A306A4002E9A37 /* TeamInfoPresnter.swift */ = {isa = PBXFileReference; lastKnownFileType = sourcecode.swift; path = TeamInfoPresnter.swift; sourceTree = "<group>"; };
		B69E6E7621A30B3C002E9A37 /* Players.swift */ = {isa = PBXFileReference; lastKnownFileType = sourcecode.swift; path = Players.swift; sourceTree = "<group>"; };
		B69E6E7821A30E7A002E9A37 /* PlayerCell.swift */ = {isa = PBXFileReference; lastKnownFileType = sourcecode.swift; path = PlayerCell.swift; sourceTree = "<group>"; };
		B6E29AF821A157320004D95B /* Football League.app */ = {isa = PBXFileReference; explicitFileType = wrapper.application; includeInIndex = 0; path = "Football League.app"; sourceTree = BUILT_PRODUCTS_DIR; };
		B6E29AFB21A157320004D95B /* AppDelegate.swift */ = {isa = PBXFileReference; lastKnownFileType = sourcecode.swift; path = AppDelegate.swift; sourceTree = "<group>"; };
		B6E29AFD21A157320004D95B /* LeuguesViewController.swift */ = {isa = PBXFileReference; lastKnownFileType = sourcecode.swift; path = LeuguesViewController.swift; sourceTree = "<group>"; };
		B6E29B0021A157320004D95B /* Base */ = {isa = PBXFileReference; lastKnownFileType = file.storyboard; name = Base; path = Base.lproj/Main.storyboard; sourceTree = "<group>"; };
		B6E29B0221A157320004D95B /* Assets.xcassets */ = {isa = PBXFileReference; lastKnownFileType = folder.assetcatalog; path = Assets.xcassets; sourceTree = "<group>"; };
		B6E29B0521A157320004D95B /* Base */ = {isa = PBXFileReference; lastKnownFileType = file.storyboard; name = Base; path = Base.lproj/LaunchScreen.storyboard; sourceTree = "<group>"; };
		B6E29B0721A157320004D95B /* Info.plist */ = {isa = PBXFileReference; lastKnownFileType = text.plist.xml; path = Info.plist; sourceTree = "<group>"; };
		B6E29B0C21A157320004D95B /* Football LeagueTests.xctest */ = {isa = PBXFileReference; explicitFileType = wrapper.cfbundle; includeInIndex = 0; path = "Football LeagueTests.xctest"; sourceTree = BUILT_PRODUCTS_DIR; };
		B6E29B1021A157320004D95B /* Football_LeagueTests.swift */ = {isa = PBXFileReference; lastKnownFileType = sourcecode.swift; path = Football_LeagueTests.swift; sourceTree = "<group>"; };
		B6E29B1221A157320004D95B /* Info.plist */ = {isa = PBXFileReference; lastKnownFileType = text.plist.xml; path = Info.plist; sourceTree = "<group>"; };
		B6E29B1E21A1596C0004D95B /* NetworkManager.swift */ = {isa = PBXFileReference; lastKnownFileType = sourcecode.swift; path = NetworkManager.swift; sourceTree = "<group>"; };
		B6E29B2021A159950004D95B /* Constants.swift */ = {isa = PBXFileReference; lastKnownFileType = sourcecode.swift; path = Constants.swift; sourceTree = "<group>"; };
		B6E29B2521A15AD50004D95B /* TeamsViewController.swift */ = {isa = PBXFileReference; lastKnownFileType = sourcecode.swift; path = TeamsViewController.swift; sourceTree = "<group>"; };
		B6E29B2821A15B270004D95B /* TeamInfoViewController.swift */ = {isa = PBXFileReference; lastKnownFileType = sourcecode.swift; path = TeamInfoViewController.swift; sourceTree = "<group>"; };
		B6E29B2D21A16CC50004D95B /* Leugue.swift */ = {isa = PBXFileReference; lastKnownFileType = sourcecode.swift; path = Leugue.swift; sourceTree = "<group>"; };
		B6E29B2F21A1741B0004D95B /* AppUrls.swift */ = {isa = PBXFileReference; lastKnownFileType = sourcecode.swift; path = AppUrls.swift; sourceTree = "<group>"; };
		BBB63FA9CDA4D2E7E5378C98 /* Pods-Football LeagueTests.release.xcconfig */ = {isa = PBXFileReference; includeInIndex = 1; lastKnownFileType = text.xcconfig; name = "Pods-Football LeagueTests.release.xcconfig"; path = "Pods/Target Support Files/Pods-Football LeagueTests/Pods-Football LeagueTests.release.xcconfig"; sourceTree = "<group>"; };
		C643FA2B798BD7239A769A02 /* Pods_Football_LeagueTests.framework */ = {isa = PBXFileReference; explicitFileType = wrapper.framework; includeInIndex = 0; path = Pods_Football_LeagueTests.framework; sourceTree = BUILT_PRODUCTS_DIR; };
		E043CA13ECB3D00FA80FF773 /* Pods_Football_League.framework */ = {isa = PBXFileReference; explicitFileType = wrapper.framework; includeInIndex = 0; path = Pods_Football_League.framework; sourceTree = BUILT_PRODUCTS_DIR; };
/* End PBXFileReference section */

/* Begin PBXFrameworksBuildPhase section */
		B6E29AF521A157320004D95B /* Frameworks */ = {
			isa = PBXFrameworksBuildPhase;
			buildActionMask = 2147483647;
			files = (
				95B2B3E51EB958689CD0895F /* Pods_Football_League.framework in Frameworks */,
			);
			runOnlyForDeploymentPostprocessing = 0;
		};
		B6E29B0921A157320004D95B /* Frameworks */ = {
			isa = PBXFrameworksBuildPhase;
			buildActionMask = 2147483647;
			files = (
				A987959FA319DD85EA21B835 /* Pods_Football_LeagueTests.framework in Frameworks */,
			);
			runOnlyForDeploymentPostprocessing = 0;
		};
/* End PBXFrameworksBuildPhase section */

/* Begin PBXGroup section */
		63EA991621A3F80E00B2CC9D /* TeamInfoHeaderCell */ = {
			isa = PBXGroup;
			children = (
				63EA991221A3F4AF00B2CC9D /* TeamInfoHeaderView.xib */,
				63EA991421A3F55600B2CC9D /* TeamInfoHeaderView.swift */,
			);
			path = TeamInfoHeaderCell;
			sourceTree = "<group>";
		};
		63EA991721A3F87F00B2CC9D /* PlayerCell */ = {
			isa = PBXGroup;
			children = (
				B69E6E7821A30E7A002E9A37 /* PlayerCell.swift */,
				63EA991821A3F8BB00B2CC9D /* PlayerCell.xib */,
			);
			path = PlayerCell;
			sourceTree = "<group>";
		};
		7A0B8577147A34A4DC574462 /* Frameworks */ = {
			isa = PBXGroup;
			children = (
				E043CA13ECB3D00FA80FF773 /* Pods_Football_League.framework */,
				C643FA2B798BD7239A769A02 /* Pods_Football_LeagueTests.framework */,
			);
			name = Frameworks;
			sourceTree = "<group>";
		};
		B69E6E7321A2EBA1002E9A37 /* External Dependency */ = {
			isa = PBXGroup;
			children = (
				B69E6E7121A2EA66002E9A37 /* UIViewControllerSegueExtension.swift */,
			);
			path = "External Dependency";
			sourceTree = "<group>";
		};
		B6A78534FCF3CCB500C0AB7D /* Pods */ = {
			isa = PBXGroup;
			children = (
				022617E3D9D6C1011621CE49 /* Pods-Football League.debug.xcconfig */,
				82EB89A478FC74522D52DF9F /* Pods-Football League.release.xcconfig */,
				41E6884C1A8B020E422A496E /* Pods-Football LeagueTests.debug.xcconfig */,
				BBB63FA9CDA4D2E7E5378C98 /* Pods-Football LeagueTests.release.xcconfig */,
			);
			name = Pods;
			sourceTree = "<group>";
		};
		B6E29AEF21A157320004D95B = {
			isa = PBXGroup;
			children = (
				B6E29AFA21A157320004D95B /* Football League */,
				B6E29B0F21A157320004D95B /* Football LeagueTests */,
				B6E29AF921A157320004D95B /* Products */,
				B6A78534FCF3CCB500C0AB7D /* Pods */,
				7A0B8577147A34A4DC574462 /* Frameworks */,
			);
			sourceTree = "<group>";
		};
		B6E29AF921A157320004D95B /* Products */ = {
			isa = PBXGroup;
			children = (
				B6E29AF821A157320004D95B /* Football League.app */,
				B6E29B0C21A157320004D95B /* Football LeagueTests.xctest */,
			);
			name = Products;
			sourceTree = "<group>";
		};
		B6E29AFA21A157320004D95B /* Football League */ = {
			isa = PBXGroup;
			children = (
				B6E29AFB21A157320004D95B /* AppDelegate.swift */,
				B6E29B1E21A1596C0004D95B /* NetworkManager.swift */,
				B69E6E7321A2EBA1002E9A37 /* External Dependency */,
				B6E29B2021A159950004D95B /* Constants.swift */,
				B667814321A1C169003FA7DF /* UIKItExtension.swift */,
				B6E29B2F21A1741B0004D95B /* AppUrls.swift */,
				B667814521A1C92C003FA7DF /* DataBaseManager(.swift */,
				B6E29B1D21A159270004D95B /* DataModels */,
				B6E29B1B21A158070004D95B /* Scenes */,
				B6E29B1C21A158BF0004D95B /* Resources */,
				B6E29B0421A157320004D95B /* LaunchScreen.storyboard */,
				B6E29B0721A157320004D95B /* Info.plist */,
			);
			path = "Football League";
			sourceTree = "<group>";
		};
		B6E29B0F21A157320004D95B /* Football LeagueTests */ = {
			isa = PBXGroup;
			children = (
				B6E29B1021A157320004D95B /* Football_LeagueTests.swift */,
				B6E29B1221A157320004D95B /* Info.plist */,
			);
			path = "Football LeagueTests";
			sourceTree = "<group>";
		};
		B6E29B1B21A158070004D95B /* Scenes */ = {
			isa = PBXGroup;
			children = (
				B6E29AFF21A157320004D95B /* Main.storyboard */,
				B6E29B2221A15A2A0004D95B /* Leugue Scene */,
				B6E29B2721A15AE70004D95B /* Teams Scene */,
				B6E29B2C21A15B9B0004D95B /* TeamInfo Scene */,
			);
			path = Scenes;
			sourceTree = "<group>";
		};
		B6E29B1C21A158BF0004D95B /* Resources */ = {
			isa = PBXGroup;
			children = (
				B6E29B0221A157320004D95B /* Assets.xcassets */,
			);
			path = Resources;
			sourceTree = "<group>";
		};
		B6E29B1D21A159270004D95B /* DataModels */ = {
			isa = PBXGroup;
			children = (
				B6E29B2D21A16CC50004D95B /* Leugue.swift */,
				B69E6E6B21A2E134002E9A37 /* Team.swift */,
				B69E6E7621A30B3C002E9A37 /* Players.swift */,
			);
			path = DataModels;
			sourceTree = "<group>";
		};
		B6E29B2221A15A2A0004D95B /* Leugue Scene */ = {
			isa = PBXGroup;
			children = (
				B6E29AFD21A157320004D95B /* LeuguesViewController.swift */,
				B667814121A1B8BD003FA7DF /* LeagueCell.swift */,
				B667813F21A1B33F003FA7DF /* LeaguesPresenter.swift */,
			);
			path = "Leugue Scene";
			sourceTree = "<group>";
		};
		B6E29B2721A15AE70004D95B /* Teams Scene */ = {
			isa = PBXGroup;
			children = (
				B6E29B2521A15AD50004D95B /* TeamsViewController.swift */,
				B69E6E6521A2C144002E9A37 /* TeamCell.swift */,
				B69E6E6F21A2E5CC002E9A37 /* TeamsPresenter.swift */,
			);
			path = "Teams Scene";
			sourceTree = "<group>";
		};
		B6E29B2C21A15B9B0004D95B /* TeamInfo Scene */ = {
			isa = PBXGroup;
			children = (
				B6E29B2821A15B270004D95B /* TeamInfoViewController.swift */,
				63EA991621A3F80E00B2CC9D /* TeamInfoHeaderCell */,
				B69E6E7421A306A4002E9A37 /* TeamInfoPresnter.swift */,
				63EA991721A3F87F00B2CC9D /* PlayerCell */,
			);
			path = "TeamInfo Scene";
			sourceTree = "<group>";
		};
/* End PBXGroup section */

/* Begin PBXNativeTarget section */
		B6E29AF721A157320004D95B /* Football League */ = {
			isa = PBXNativeTarget;
			buildConfigurationList = B6E29B1521A157320004D95B /* Build configuration list for PBXNativeTarget "Football League" */;
			buildPhases = (
				74D8A739B3B9C21D83C49642 /* [CP] Check Pods Manifest.lock */,
				B6E29AF421A157320004D95B /* Sources */,
				B6E29AF521A157320004D95B /* Frameworks */,
				B6E29AF621A157320004D95B /* Resources */,
				B118760AEAE1B90409035FAD /* [CP] Embed Pods Frameworks */,
			);
			buildRules = (
			);
			dependencies = (
			);
			name = "Football League";
			productName = "Football League";
			productReference = B6E29AF821A157320004D95B /* Football League.app */;
			productType = "com.apple.product-type.application";
		};
		B6E29B0B21A157320004D95B /* Football LeagueTests */ = {
			isa = PBXNativeTarget;
			buildConfigurationList = B6E29B1821A157320004D95B /* Build configuration list for PBXNativeTarget "Football LeagueTests" */;
			buildPhases = (
				AE3C4699597793DAC4BD5B53 /* [CP] Check Pods Manifest.lock */,
				B6E29B0821A157320004D95B /* Sources */,
				B6E29B0921A157320004D95B /* Frameworks */,
				B6E29B0A21A157320004D95B /* Resources */,
			);
			buildRules = (
			);
			dependencies = (
				B6E29B0E21A157320004D95B /* PBXTargetDependency */,
			);
			name = "Football LeagueTests";
			productName = "Football LeagueTests";
			productReference = B6E29B0C21A157320004D95B /* Football LeagueTests.xctest */;
			productType = "com.apple.product-type.bundle.unit-test";
		};
/* End PBXNativeTarget section */

/* Begin PBXProject section */
		B6E29AF021A157320004D95B /* Project object */ = {
			isa = PBXProject;
			attributes = {
				LastSwiftUpdateCheck = 0910;
				LastUpgradeCheck = 0910;
				ORGANIZATIONNAME = "Arabia-IT";
				TargetAttributes = {
					B6E29AF721A157320004D95B = {
						CreatedOnToolsVersion = 9.1;
						ProvisioningStyle = Automatic;
					};
					B6E29B0B21A157320004D95B = {
						CreatedOnToolsVersion = 9.1;
						ProvisioningStyle = Automatic;
						TestTargetID = B6E29AF721A157320004D95B;
					};
				};
			};
			buildConfigurationList = B6E29AF321A157320004D95B /* Build configuration list for PBXProject "Football League" */;
			compatibilityVersion = "Xcode 8.0";
			developmentRegion = en;
			hasScannedForEncodings = 0;
			knownRegions = (
				en,
				Base,
			);
			mainGroup = B6E29AEF21A157320004D95B;
			productRefGroup = B6E29AF921A157320004D95B /* Products */;
			projectDirPath = "";
			projectRoot = "";
			targets = (
				B6E29AF721A157320004D95B /* Football League */,
				B6E29B0B21A157320004D95B /* Football LeagueTests */,
			);
		};
/* End PBXProject section */

/* Begin PBXResourcesBuildPhase section */
		B6E29AF621A157320004D95B /* Resources */ = {
			isa = PBXResourcesBuildPhase;
			buildActionMask = 2147483647;
			files = (
				B6E29B0621A157320004D95B /* LaunchScreen.storyboard in Resources */,
				B6E29B0321A157320004D95B /* Assets.xcassets in Resources */,
				63EA991321A3F4AF00B2CC9D /* TeamInfoHeaderView.xib in Resources */,
				63EA991921A3F8BB00B2CC9D /* PlayerCell.xib in Resources */,
				B6E29B0121A157320004D95B /* Main.storyboard in Resources */,
			);
			runOnlyForDeploymentPostprocessing = 0;
		};
		B6E29B0A21A157320004D95B /* Resources */ = {
			isa = PBXResourcesBuildPhase;
			buildActionMask = 2147483647;
			files = (
			);
			runOnlyForDeploymentPostprocessing = 0;
		};
/* End PBXResourcesBuildPhase section */

/* Begin PBXShellScriptBuildPhase section */
		74D8A739B3B9C21D83C49642 /* [CP] Check Pods Manifest.lock */ = {
			isa = PBXShellScriptBuildPhase;
			buildActionMask = 2147483647;
			files = (
			);
			inputPaths = (
				"${PODS_PODFILE_DIR_PATH}/Podfile.lock",
				"${PODS_ROOT}/Manifest.lock",
			);
			name = "[CP] Check Pods Manifest.lock";
			outputPaths = (
				"$(DERIVED_FILE_DIR)/Pods-Football League-checkManifestLockResult.txt",
			);
			runOnlyForDeploymentPostprocessing = 0;
			shellPath = /bin/sh;
			shellScript = "diff \"${PODS_PODFILE_DIR_PATH}/Podfile.lock\" \"${PODS_ROOT}/Manifest.lock\" > /dev/null\nif [ $? != 0 ] ; then\n    # print error to STDERR\n    echo \"error: The sandbox is not in sync with the Podfile.lock. Run 'pod install' or update your CocoaPods installation.\" >&2\n    exit 1\nfi\n# This output is used by Xcode 'outputs' to avoid re-running this script phase.\necho \"SUCCESS\" > \"${SCRIPT_OUTPUT_FILE_0}\"\n";
			showEnvVarsInLog = 0;
		};
		AE3C4699597793DAC4BD5B53 /* [CP] Check Pods Manifest.lock */ = {
			isa = PBXShellScriptBuildPhase;
			buildActionMask = 2147483647;
			files = (
			);
			inputPaths = (
				"${PODS_PODFILE_DIR_PATH}/Podfile.lock",
				"${PODS_ROOT}/Manifest.lock",
			);
			name = "[CP] Check Pods Manifest.lock";
			outputPaths = (
				"$(DERIVED_FILE_DIR)/Pods-Football LeagueTests-checkManifestLockResult.txt",
			);
			runOnlyForDeploymentPostprocessing = 0;
			shellPath = /bin/sh;
			shellScript = "diff \"${PODS_PODFILE_DIR_PATH}/Podfile.lock\" \"${PODS_ROOT}/Manifest.lock\" > /dev/null\nif [ $? != 0 ] ; then\n    # print error to STDERR\n    echo \"error: The sandbox is not in sync with the Podfile.lock. Run 'pod install' or update your CocoaPods installation.\" >&2\n    exit 1\nfi\n# This output is used by Xcode 'outputs' to avoid re-running this script phase.\necho \"SUCCESS\" > \"${SCRIPT_OUTPUT_FILE_0}\"\n";
			showEnvVarsInLog = 0;
		};
		B118760AEAE1B90409035FAD /* [CP] Embed Pods Frameworks */ = {
			isa = PBXShellScriptBuildPhase;
			buildActionMask = 2147483647;
			files = (
			);
			inputPaths = (
				"${SRCROOT}/Pods/Target Support Files/Pods-Football League/Pods-Football League-frameworks.sh",
				"${BUILT_PRODUCTS_DIR}/Realm/Realm.framework",
				"${BUILT_PRODUCTS_DIR}/RealmSwift/RealmSwift.framework",
				"${BUILT_PRODUCTS_DIR}/SDWebImage/SDWebImage.framework",
			);
			name = "[CP] Embed Pods Frameworks";
			outputPaths = (
				"${TARGET_BUILD_DIR}/${FRAMEWORKS_FOLDER_PATH}/Realm.framework",
				"${TARGET_BUILD_DIR}/${FRAMEWORKS_FOLDER_PATH}/RealmSwift.framework",
				"${TARGET_BUILD_DIR}/${FRAMEWORKS_FOLDER_PATH}/SDWebImage.framework",
			);
			runOnlyForDeploymentPostprocessing = 0;
			shellPath = /bin/sh;
			shellScript = "\"${SRCROOT}/Pods/Target Support Files/Pods-Football League/Pods-Football League-frameworks.sh\"\n";
			showEnvVarsInLog = 0;
		};
/* End PBXShellScriptBuildPhase section */

/* Begin PBXSourcesBuildPhase section */
		B6E29AF421A157320004D95B /* Sources */ = {
			isa = PBXSourcesBuildPhase;
			buildActionMask = 2147483647;
			files = (
				B69E6E7721A30B3C002E9A37 /* Players.swift in Sources */,
				B69E6E7921A30E7A002E9A37 /* PlayerCell.swift in Sources */,
				63EA991521A3F55600B2CC9D /* TeamInfoHeaderView.swift in Sources */,
				B6E29B2E21A16CC50004D95B /* Leugue.swift in Sources */,
				B69E6E7021A2E5CC002E9A37 /* TeamsPresenter.swift in Sources */,
				B69E6E7221A2EA66002E9A37 /* UIViewControllerSegueExtension.swift in Sources */,
				B667814621A1C92C003FA7DF /* DataBaseManager(.swift in Sources */,
				B69E6E6C21A2E134002E9A37 /* Team.swift in Sources */,
				B6E29B1F21A1596C0004D95B /* NetworkManager.swift in Sources */,
				B667814021A1B33F003FA7DF /* LeaguesPresenter.swift in Sources */,
				B69E6E7521A306A4002E9A37 /* TeamInfoPresnter.swift in Sources */,
				B6E29B2921A15B270004D95B /* TeamInfoViewController.swift in Sources */,
				B667814221A1B8BD003FA7DF /* LeagueCell.swift in Sources */,
				B69E6E6621A2C144002E9A37 /* TeamCell.swift in Sources */,
				B6E29AFE21A157320004D95B /* LeuguesViewController.swift in Sources */,
				B6E29AFC21A157320004D95B /* AppDelegate.swift in Sources */,
				B6E29B2621A15AD50004D95B /* TeamsViewController.swift in Sources */,
				B6E29B2121A159950004D95B /* Constants.swift in Sources */,
				B667814421A1C169003FA7DF /* UIKItExtension.swift in Sources */,
				B6E29B3021A1741B0004D95B /* AppUrls.swift in Sources */,
			);
			runOnlyForDeploymentPostprocessing = 0;
		};
		B6E29B0821A157320004D95B /* Sources */ = {
			isa = PBXSourcesBuildPhase;
			buildActionMask = 2147483647;
			files = (
				B6E29B1121A157320004D95B /* Football_LeagueTests.swift in Sources */,
			);
			runOnlyForDeploymentPostprocessing = 0;
		};
/* End PBXSourcesBuildPhase section */

/* Begin PBXTargetDependency section */
		B6E29B0E21A157320004D95B /* PBXTargetDependency */ = {
			isa = PBXTargetDependency;
			target = B6E29AF721A157320004D95B /* Football League */;
			targetProxy = B6E29B0D21A157320004D95B /* PBXContainerItemProxy */;
		};
/* End PBXTargetDependency section */

/* Begin PBXVariantGroup section */
		B6E29AFF21A157320004D95B /* Main.storyboard */ = {
			isa = PBXVariantGroup;
			children = (
				B6E29B0021A157320004D95B /* Base */,
			);
			name = Main.storyboard;
			sourceTree = "<group>";
		};
		B6E29B0421A157320004D95B /* LaunchScreen.storyboard */ = {
			isa = PBXVariantGroup;
			children = (
				B6E29B0521A157320004D95B /* Base */,
			);
			name = LaunchScreen.storyboard;
			sourceTree = "<group>";
		};
/* End PBXVariantGroup section */

/* Begin XCBuildConfiguration section */
		B6E29B1321A157320004D95B /* Debug */ = {
			isa = XCBuildConfiguration;
			buildSettings = {
				ALWAYS_SEARCH_USER_PATHS = NO;
				CLANG_ANALYZER_NONNULL = YES;
				CLANG_ANALYZER_NUMBER_OBJECT_CONVERSION = YES_AGGRESSIVE;
				CLANG_CXX_LANGUAGE_STANDARD = "gnu++14";
				CLANG_CXX_LIBRARY = "libc++";
				CLANG_ENABLE_MODULES = YES;
				CLANG_ENABLE_OBJC_ARC = YES;
				CLANG_WARN_BLOCK_CAPTURE_AUTORELEASING = YES;
				CLANG_WARN_BOOL_CONVERSION = YES;
				CLANG_WARN_COMMA = YES;
				CLANG_WARN_CONSTANT_CONVERSION = YES;
				CLANG_WARN_DIRECT_OBJC_ISA_USAGE = YES_ERROR;
				CLANG_WARN_DOCUMENTATION_COMMENTS = YES;
				CLANG_WARN_EMPTY_BODY = YES;
				CLANG_WARN_ENUM_CONVERSION = YES;
				CLANG_WARN_INFINITE_RECURSION = YES;
				CLANG_WARN_INT_CONVERSION = YES;
				CLANG_WARN_NON_LITERAL_NULL_CONVERSION = YES;
				CLANG_WARN_OBJC_LITERAL_CONVERSION = YES;
				CLANG_WARN_OBJC_ROOT_CLASS = YES_ERROR;
				CLANG_WARN_RANGE_LOOP_ANALYSIS = YES;
				CLANG_WARN_STRICT_PROTOTYPES = YES;
				CLANG_WARN_SUSPICIOUS_MOVE = YES;
				CLANG_WARN_UNGUARDED_AVAILABILITY = YES_AGGRESSIVE;
				CLANG_WARN_UNREACHABLE_CODE = YES;
				CLANG_WARN__DUPLICATE_METHOD_MATCH = YES;
				CODE_SIGN_IDENTITY = "iPhone Developer";
				COPY_PHASE_STRIP = NO;
				DEBUG_INFORMATION_FORMAT = dwarf;
				ENABLE_STRICT_OBJC_MSGSEND = YES;
				ENABLE_TESTABILITY = YES;
				GCC_C_LANGUAGE_STANDARD = gnu11;
				GCC_DYNAMIC_NO_PIC = NO;
				GCC_NO_COMMON_BLOCKS = YES;
				GCC_OPTIMIZATION_LEVEL = 0;
				GCC_PREPROCESSOR_DEFINITIONS = (
					"DEBUG=1",
					"$(inherited)",
				);
				GCC_WARN_64_TO_32_BIT_CONVERSION = YES;
				GCC_WARN_ABOUT_RETURN_TYPE = YES_ERROR;
				GCC_WARN_UNDECLARED_SELECTOR = YES;
				GCC_WARN_UNINITIALIZED_AUTOS = YES_AGGRESSIVE;
				GCC_WARN_UNUSED_FUNCTION = YES;
				GCC_WARN_UNUSED_VARIABLE = YES;
				IPHONEOS_DEPLOYMENT_TARGET = 11.1;
				MTL_ENABLE_DEBUG_INFO = YES;
				ONLY_ACTIVE_ARCH = YES;
				SDKROOT = iphoneos;
				SWIFT_ACTIVE_COMPILATION_CONDITIONS = DEBUG;
				SWIFT_OPTIMIZATION_LEVEL = "-Onone";
			};
			name = Debug;
		};
		B6E29B1421A157320004D95B /* Release */ = {
			isa = XCBuildConfiguration;
			buildSettings = {
				ALWAYS_SEARCH_USER_PATHS = NO;
				CLANG_ANALYZER_NONNULL = YES;
				CLANG_ANALYZER_NUMBER_OBJECT_CONVERSION = YES_AGGRESSIVE;
				CLANG_CXX_LANGUAGE_STANDARD = "gnu++14";
				CLANG_CXX_LIBRARY = "libc++";
				CLANG_ENABLE_MODULES = YES;
				CLANG_ENABLE_OBJC_ARC = YES;
				CLANG_WARN_BLOCK_CAPTURE_AUTORELEASING = YES;
				CLANG_WARN_BOOL_CONVERSION = YES;
				CLANG_WARN_COMMA = YES;
				CLANG_WARN_CONSTANT_CONVERSION = YES;
				CLANG_WARN_DIRECT_OBJC_ISA_USAGE = YES_ERROR;
				CLANG_WARN_DOCUMENTATION_COMMENTS = YES;
				CLANG_WARN_EMPTY_BODY = YES;
				CLANG_WARN_ENUM_CONVERSION = YES;
				CLANG_WARN_INFINITE_RECURSION = YES;
				CLANG_WARN_INT_CONVERSION = YES;
				CLANG_WARN_NON_LITERAL_NULL_CONVERSION = YES;
				CLANG_WARN_OBJC_LITERAL_CONVERSION = YES;
				CLANG_WARN_OBJC_ROOT_CLASS = YES_ERROR;
				CLANG_WARN_RANGE_LOOP_ANALYSIS = YES;
				CLANG_WARN_STRICT_PROTOTYPES = YES;
				CLANG_WARN_SUSPICIOUS_MOVE = YES;
				CLANG_WARN_UNGUARDED_AVAILABILITY = YES_AGGRESSIVE;
				CLANG_WARN_UNREACHABLE_CODE = YES;
				CLANG_WARN__DUPLICATE_METHOD_MATCH = YES;
				CODE_SIGN_IDENTITY = "iPhone Developer";
				COPY_PHASE_STRIP = NO;
				DEBUG_INFORMATION_FORMAT = "dwarf-with-dsym";
				ENABLE_NS_ASSERTIONS = NO;
				ENABLE_STRICT_OBJC_MSGSEND = YES;
				GCC_C_LANGUAGE_STANDARD = gnu11;
				GCC_NO_COMMON_BLOCKS = YES;
				GCC_WARN_64_TO_32_BIT_CONVERSION = YES;
				GCC_WARN_ABOUT_RETURN_TYPE = YES_ERROR;
				GCC_WARN_UNDECLARED_SELECTOR = YES;
				GCC_WARN_UNINITIALIZED_AUTOS = YES_AGGRESSIVE;
				GCC_WARN_UNUSED_FUNCTION = YES;
				GCC_WARN_UNUSED_VARIABLE = YES;
				IPHONEOS_DEPLOYMENT_TARGET = 11.1;
				MTL_ENABLE_DEBUG_INFO = NO;
				SDKROOT = iphoneos;
				SWIFT_OPTIMIZATION_LEVEL = "-Owholemodule";
				VALIDATE_PRODUCT = YES;
			};
			name = Release;
		};
		B6E29B1621A157320004D95B /* Debug */ = {
			isa = XCBuildConfiguration;
			baseConfigurationReference = 022617E3D9D6C1011621CE49 /* Pods-Football League.debug.xcconfig */;
			buildSettings = {
				ASSETCATALOG_COMPILER_APPICON_NAME = AppIcon;
				CODE_SIGN_STYLE = Automatic;
				DEVELOPMENT_TEAM = Y699PM52F2;
				INFOPLIST_FILE = "Football League/Info.plist";
				IPHONEOS_DEPLOYMENT_TARGET = 10.0;
				LD_RUNPATH_SEARCH_PATHS = "$(inherited) @executable_path/Frameworks";
				PRODUCT_BUNDLE_IDENTIFIER = "Arabia-IT.Football-League";
				PRODUCT_NAME = "$(TARGET_NAME)";
				SWIFT_VERSION = 4.0;
				TARGETED_DEVICE_FAMILY = "1,2";
			};
			name = Debug;
		};
		B6E29B1721A157320004D95B /* Release */ = {
			isa = XCBuildConfiguration;
			baseConfigurationReference = 82EB89A478FC74522D52DF9F /* Pods-Football League.release.xcconfig */;
			buildSettings = {
				ASSETCATALOG_COMPILER_APPICON_NAME = AppIcon;
				CODE_SIGN_STYLE = Automatic;
				DEVELOPMENT_TEAM = Y699PM52F2;
				INFOPLIST_FILE = "Football League/Info.plist";
				IPHONEOS_DEPLOYMENT_TARGET = 10.0;
				LD_RUNPATH_SEARCH_PATHS = "$(inherited) @executable_path/Frameworks";
				PRODUCT_BUNDLE_IDENTIFIER = "Arabia-IT.Football-League";
				PRODUCT_NAME = "$(TARGET_NAME)";
				SWIFT_VERSION = 4.0;
				TARGETED_DEVICE_FAMILY = "1,2";
			};
			name = Release;
		};
		B6E29B1921A157320004D95B /* Debug */ = {
			isa = XCBuildConfiguration;
			baseConfigurationReference = 41E6884C1A8B020E422A496E /* Pods-Football LeagueTests.debug.xcconfig */;
			buildSettings = {
				ALWAYS_EMBED_SWIFT_STANDARD_LIBRARIES = YES;
				BUNDLE_LOADER = "$(TEST_HOST)";
				CODE_SIGN_STYLE = Automatic;
				DEVELOPMENT_TEAM = Y699PM52F2;
				INFOPLIST_FILE = "Football LeagueTests/Info.plist";
				LD_RUNPATH_SEARCH_PATHS = "$(inherited) @executable_path/Frameworks @loader_path/Frameworks";
				PRODUCT_BUNDLE_IDENTIFIER = "Arabia-IT.Football-LeagueTests";
				PRODUCT_NAME = "$(TARGET_NAME)";
				SWIFT_VERSION = 4.0;
				TARGETED_DEVICE_FAMILY = "1,2";
				TEST_HOST = "$(BUILT_PRODUCTS_DIR)/Football League.app/Football League";
			};
			name = Debug;
		};
		B6E29B1A21A157320004D95B /* Release */ = {
			isa = XCBuildConfiguration;
			baseConfigurationReference = BBB63FA9CDA4D2E7E5378C98 /* Pods-Football LeagueTests.release.xcconfig */;
			buildSettings = {
				ALWAYS_EMBED_SWIFT_STANDARD_LIBRARIES = YES;
				BUNDLE_LOADER = "$(TEST_HOST)";
				CODE_SIGN_STYLE = Automatic;
				DEVELOPMENT_TEAM = Y699PM52F2;
				INFOPLIST_FILE = "Football LeagueTests/Info.plist";
				LD_RUNPATH_SEARCH_PATHS = "$(inherited) @executable_path/Frameworks @loader_path/Frameworks";
				PRODUCT_BUNDLE_IDENTIFIER = "Arabia-IT.Football-LeagueTests";
				PRODUCT_NAME = "$(TARGET_NAME)";
				SWIFT_VERSION = 4.0;
				TARGETED_DEVICE_FAMILY = "1,2";
				TEST_HOST = "$(BUILT_PRODUCTS_DIR)/Football League.app/Football League";
			};
			name = Release;
		};
/* End XCBuildConfiguration section */

/* Begin XCConfigurationList section */
		B6E29AF321A157320004D95B /* Build configuration list for PBXProject "Football League" */ = {
			isa = XCConfigurationList;
			buildConfigurations = (
				B6E29B1321A157320004D95B /* Debug */,
				B6E29B1421A157320004D95B /* Release */,
			);
			defaultConfigurationIsVisible = 0;
			defaultConfigurationName = Release;
		};
		B6E29B1521A157320004D95B /* Build configuration list for PBXNativeTarget "Football League" */ = {
			isa = XCConfigurationList;
			buildConfigurations = (
				B6E29B1621A157320004D95B /* Debug */,
				B6E29B1721A157320004D95B /* Release */,
			);
			defaultConfigurationIsVisible = 0;
			defaultConfigurationName = Release;
		};
		B6E29B1821A157320004D95B /* Build configuration list for PBXNativeTarget "Football LeagueTests" */ = {
			isa = XCConfigurationList;
			buildConfigurations = (
				B6E29B1921A157320004D95B /* Debug */,
				B6E29B1A21A157320004D95B /* Release */,
			);
			defaultConfigurationIsVisible = 0;
			defaultConfigurationName = Release;
		};
/* End XCConfigurationList section */
	};
	rootObject = B6E29AF021A157320004D95B /* Project object */;
}
